// !$*UTF8*$!
{
	archiveVersion = 1;
	classes = {
	};
	objectVersion = 46;
	objects = {

/* Begin PBXBuildFile section */
		BCBB6EF81B9B928100F94F57 /* WBNavScrollBar.m in Sources */ = {isa = PBXBuildFile; fileRef = BCBB6EF71B9B928100F94F57 /* WBNavScrollBar.m */; };
		BCBB6F0D1B9BCBE000F94F57 /* ShowAllButton_5_2.png in Resources */ = {isa = PBXBuildFile; fileRef = BCBB6F091B9BCBE000F94F57 /* ShowAllButton_5_2.png */; };
		BCBB6F0E1B9BCBE000F94F57 /* ShowAllButton_4_2.png in Resources */ = {isa = PBXBuildFile; fileRef = BCBB6F0A1B9BCBE000F94F57 /* ShowAllButton_4_2.png */; };
		BCBB6F0F1B9BCBE000F94F57 /* ShowAllButton_4_1.png in Resources */ = {isa = PBXBuildFile; fileRef = BCBB6F0B1B9BCBE000F94F57 /* ShowAllButton_4_1.png */; };
		BCBB6F101B9BCBE000F94F57 /* ShowAllButton_5_1.png in Resources */ = {isa = PBXBuildFile; fileRef = BCBB6F0C1B9BCBE000F94F57 /* ShowAllButton_5_1.png */; };
		BCD3FE1A1B99139B001FB8ED /* main.m in Sources */ = {isa = PBXBuildFile; fileRef = BCD3FE191B99139B001FB8ED /* main.m */; };
		BCD3FE1D1B99139B001FB8ED /* AppDelegate.m in Sources */ = {isa = PBXBuildFile; fileRef = BCD3FE1C1B99139B001FB8ED /* AppDelegate.m */; };
		BCD3FE201B99139B001FB8ED /* ViewController.m in Sources */ = {isa = PBXBuildFile; fileRef = BCD3FE1F1B99139B001FB8ED /* ViewController.m */; };
		BCD3FE231B99139B001FB8ED /* Main.storyboard in Resources */ = {isa = PBXBuildFile; fileRef = BCD3FE211B99139B001FB8ED /* Main.storyboard */; };
		BCD3FE251B99139B001FB8ED /* Images.xcassets in Resources */ = {isa = PBXBuildFile; fileRef = BCD3FE241B99139B001FB8ED /* Images.xcassets */; };
		BCD3FE281B99139B001FB8ED /* LaunchScreen.xib in Resources */ = {isa = PBXBuildFile; fileRef = BCD3FE261B99139B001FB8ED /* LaunchScreen.xib */; };
		BCD3FE341B99139B001FB8ED /* WBTabBarControllerTests.m in Sources */ = {isa = PBXBuildFile; fileRef = BCD3FE331B99139B001FB8ED /* WBTabBarControllerTests.m */; };
		BCD3FE401B991464001FB8ED /* WBTabBarController.m in Sources */ = {isa = PBXBuildFile; fileRef = BCD3FE3F1B991464001FB8ED /* WBTabBarController.m */; };
		BCD3FE431B991499001FB8ED /* WBTabBar.m in Sources */ = {isa = PBXBuildFile; fileRef = BCD3FE421B991499001FB8ED /* WBTabBar.m */; };
		BCD3FE461B9914AD001FB8ED /* WBBarButton.m in Sources */ = {isa = PBXBuildFile; fileRef = BCD3FE451B9914AD001FB8ED /* WBBarButton.m */; };
		BCD3FF9B1B9918FE001FB8ED /* tabbar.png in Resources */ = {isa = PBXBuildFile; fileRef = BCD3FEE91B9918FE001FB8ED /* tabbar.png */; };
		BCD3FF9C1B9918FE001FB8ED /* tabbar_activity@2x.png in Resources */ = {isa = PBXBuildFile; fileRef = BCD3FEEA1B9918FE001FB8ED /* tabbar_activity@2x.png */; };
		BCD3FF9D1B9918FE001FB8ED /* tabbar_activityHighlight@2x.png in Resources */ = {isa = PBXBuildFile; fileRef = BCD3FEEB1B9918FE001FB8ED /* tabbar_activityHighlight@2x.png */; };
		BCD3FF9E1B9918FE001FB8ED /* tabbar_cinema@2x.png in Resources */ = {isa = PBXBuildFile; fileRef = BCD3FEEC1B9918FE001FB8ED /* tabbar_cinema@2x.png */; };
		BCD3FF9F1B9918FE001FB8ED /* tabbar_cinemaHighlight@2x.png in Resources */ = {isa = PBXBuildFile; fileRef = BCD3FEED1B9918FE001FB8ED /* tabbar_cinemaHighlight@2x.png */; };
		BCD3FFA01B9918FE001FB8ED /* tabbar_mine@2x.png in Resources */ = {isa = PBXBuildFile; fileRef = BCD3FEEE1B9918FE001FB8ED /* tabbar_mine@2x.png */; };
		BCD3FFA11B9918FE001FB8ED /* tabbar_mineHighlight@2x.png in Resources */ = {isa = PBXBuildFile; fileRef = BCD3FEEF1B9918FE001FB8ED /* tabbar_mineHighlight@2x.png */; };
		BCD3FFA21B9918FE001FB8ED /* tabbar_movie@2x.png in Resources */ = {isa = PBXBuildFile; fileRef = BCD3FEF01B9918FE001FB8ED /* tabbar_movie@2x.png */; };
		BCD3FFA31B9918FE001FB8ED /* tabbar_movieHightLight@2x.png in Resources */ = {isa = PBXBuildFile; fileRef = BCD3FEF11B9918FE001FB8ED /* tabbar_movieHightLight@2x.png */; };
/* End PBXBuildFile section */

/* Begin PBXContainerItemProxy section */
		BCD3FE2E1B99139B001FB8ED /* PBXContainerItemProxy */ = {
			isa = PBXContainerItemProxy;
			containerPortal = BCD3FE0C1B99139B001FB8ED /* Project object */;
			proxyType = 1;
			remoteGlobalIDString = BCD3FE131B99139B001FB8ED;
			remoteInfo = WBTabBarController;
		};
/* End PBXContainerItemProxy section */

/* Begin PBXFileReference section */
		BCBB6EF61B9B928100F94F57 /* WBNavScrollBar.h */ = {isa = PBXFileReference; fileEncoding = 4; lastKnownFileType = sourcecode.c.h; path = WBNavScrollBar.h; sourceTree = "<group>"; };
		BCBB6EF71B9B928100F94F57 /* WBNavScrollBar.m */ = {isa = PBXFileReference; fileEncoding = 4; lastKnownFileType = sourcecode.c.objc; path = WBNavScrollBar.m; sourceTree = "<group>"; };
		BCBB6F091B9BCBE000F94F57 /* ShowAllButton_5_2.png */ = {isa = PBXFileReference; lastKnownFileType = image.png; path = ShowAllButton_5_2.png; sourceTree = "<group>"; };
		BCBB6F0A1B9BCBE000F94F57 /* ShowAllButton_4_2.png */ = {isa = PBXFileReference; lastKnownFileType = image.png; path = ShowAllButton_4_2.png; sourceTree = "<group>"; };
		BCBB6F0B1B9BCBE000F94F57 /* ShowAllButton_4_1.png */ = {isa = PBXFileReference; lastKnownFileType = image.png; path = ShowAllButton_4_1.png; sourceTree = "<group>"; };
		BCBB6F0C1B9BCBE000F94F57 /* ShowAllButton_5_1.png */ = {isa = PBXFileReference; lastKnownFileType = image.png; path = ShowAllButton_5_1.png; sourceTree = "<group>"; };
		BCD3FE141B99139B001FB8ED /* WBTabBarController.app */ = {isa = PBXFileReference; explicitFileType = wrapper.application; includeInIndex = 0; path = WBTabBarController.app; sourceTree = BUILT_PRODUCTS_DIR; };
		BCD3FE181B99139B001FB8ED /* Info.plist */ = {isa = PBXFileReference; lastKnownFileType = text.plist.xml; path = Info.plist; sourceTree = "<group>"; };
		BCD3FE191B99139B001FB8ED /* main.m */ = {isa = PBXFileReference; lastKnownFileType = sourcecode.c.objc; path = main.m; sourceTree = "<group>"; };
		BCD3FE1B1B99139B001FB8ED /* AppDelegate.h */ = {isa = PBXFileReference; lastKnownFileType = sourcecode.c.h; path = AppDelegate.h; sourceTree = "<group>"; };
		BCD3FE1C1B99139B001FB8ED /* AppDelegate.m */ = {isa = PBXFileReference; lastKnownFileType = sourcecode.c.objc; path = AppDelegate.m; sourceTree = "<group>"; };
		BCD3FE1E1B99139B001FB8ED /* ViewController.h */ = {isa = PBXFileReference; lastKnownFileType = sourcecode.c.h; path = ViewController.h; sourceTree = "<group>"; };
		BCD3FE1F1B99139B001FB8ED /* ViewController.m */ = {isa = PBXFileReference; lastKnownFileType = sourcecode.c.objc; path = ViewController.m; sourceTree = "<group>"; };
		BCD3FE221B99139B001FB8ED /* Base */ = {isa = PBXFileReference; lastKnownFileType = file.storyboard; name = Base; path = Base.lproj/Main.storyboard; sourceTree = "<group>"; };
		BCD3FE241B99139B001FB8ED /* Images.xcassets */ = {isa = PBXFileReference; lastKnownFileType = folder.assetcatalog; path = Images.xcassets; sourceTree = "<group>"; };
		BCD3FE271B99139B001FB8ED /* Base */ = {isa = PBXFileReference; lastKnownFileType = file.xib; name = Base; path = Base.lproj/LaunchScreen.xib; sourceTree = "<group>"; };
		BCD3FE2D1B99139B001FB8ED /* WBTabBarControllerTests.xctest */ = {isa = PBXFileReference; explicitFileType = wrapper.cfbundle; includeInIndex = 0; path = WBTabBarControllerTests.xctest; sourceTree = BUILT_PRODUCTS_DIR; };
		BCD3FE321B99139B001FB8ED /* Info.plist */ = {isa = PBXFileReference; lastKnownFileType = text.plist.xml; path = Info.plist; sourceTree = "<group>"; };
		BCD3FE331B99139B001FB8ED /* WBTabBarControllerTests.m */ = {isa = PBXFileReference; lastKnownFileType = sourcecode.c.objc; path = WBTabBarControllerTests.m; sourceTree = "<group>"; };
		BCD3FE3E1B991464001FB8ED /* WBTabBarController.h */ = {isa = PBXFileReference; fileEncoding = 4; lastKnownFileType = sourcecode.c.h; path = WBTabBarController.h; sourceTree = "<group>"; };
		BCD3FE3F1B991464001FB8ED /* WBTabBarController.m */ = {isa = PBXFileReference; fileEncoding = 4; lastKnownFileType = sourcecode.c.objc; path = WBTabBarController.m; sourceTree = "<group>"; };
		BCD3FE411B991499001FB8ED /* WBTabBar.h */ = {isa = PBXFileReference; fileEncoding = 4; lastKnownFileType = sourcecode.c.h; path = WBTabBar.h; sourceTree = "<group>"; };
		BCD3FE421B991499001FB8ED /* WBTabBar.m */ = {isa = PBXFileReference; fileEncoding = 4; lastKnownFileType = sourcecode.c.objc; path = WBTabBar.m; sourceTree = "<group>"; };
		BCD3FE441B9914AD001FB8ED /* WBBarButton.h */ = {isa = PBXFileReference; fileEncoding = 4; lastKnownFileType = sourcecode.c.h; path = WBBarButton.h; sourceTree = "<group>"; };
		BCD3FE451B9914AD001FB8ED /* WBBarButton.m */ = {isa = PBXFileReference; fileEncoding = 4; lastKnownFileType = sourcecode.c.objc; path = WBBarButton.m; sourceTree = "<group>"; };
		BCD3FEE91B9918FE001FB8ED /* tabbar.png */ = {isa = PBXFileReference; lastKnownFileType = image.png; path = tabbar.png; sourceTree = "<group>"; };
		BCD3FEEA1B9918FE001FB8ED /* tabbar_activity@2x.png */ = {isa = PBXFileReference; lastKnownFileType = image.png; path = "tabbar_activity@2x.png"; sourceTree = "<group>"; };
		BCD3FEEB1B9918FE001FB8ED /* tabbar_activityHighlight@2x.png */ = {isa = PBXFileReference; lastKnownFileType = image.png; path = "tabbar_activityHighlight@2x.png"; sourceTree = "<group>"; };
		BCD3FEEC1B9918FE001FB8ED /* tabbar_cinema@2x.png */ = {isa = PBXFileReference; lastKnownFileType = image.png; path = "tabbar_cinema@2x.png"; sourceTree = "<group>"; };
		BCD3FEED1B9918FE001FB8ED /* tabbar_cinemaHighlight@2x.png */ = {isa = PBXFileReference; lastKnownFileType = image.png; path = "tabbar_cinemaHighlight@2x.png"; sourceTree = "<group>"; };
		BCD3FEEE1B9918FE001FB8ED /* tabbar_mine@2x.png */ = {isa = PBXFileReference; lastKnownFileType = image.png; path = "tabbar_mine@2x.png"; sourceTree = "<group>"; };
		BCD3FEEF1B9918FE001FB8ED /* tabbar_mineHighlight@2x.png */ = {isa = PBXFileReference; lastKnownFileType = image.png; path = "tabbar_mineHighlight@2x.png"; sourceTree = "<group>"; };
		BCD3FEF01B9918FE001FB8ED /* tabbar_movie@2x.png */ = {isa = PBXFileReference; lastKnownFileType = image.png; path = "tabbar_movie@2x.png"; sourceTree = "<group>"; };
		BCD3FEF11B9918FE001FB8ED /* tabbar_movieHightLight@2x.png */ = {isa = PBXFileReference; lastKnownFileType = image.png; path = "tabbar_movieHightLight@2x.png"; sourceTree = "<group>"; };
/* End PBXFileReference section */

/* Begin PBXFrameworksBuildPhase section */
		BCD3FE111B99139B001FB8ED /* Frameworks */ = {
			isa = PBXFrameworksBuildPhase;
			buildActionMask = 2147483647;
			files = (
			);
			runOnlyForDeploymentPostprocessing = 0;
		};
		BCD3FE2A1B99139B001FB8ED /* Frameworks */ = {
			isa = PBXFrameworksBuildPhase;
			buildActionMask = 2147483647;
			files = (
			);
			runOnlyForDeploymentPostprocessing = 0;
		};
/* End PBXFrameworksBuildPhase section */

/* Begin PBXGroup section */
		BCBB6EF51B9B924B00F94F57 /* WBNavScrollBar */ = {
			isa = PBXGroup;
			children = (
				BCBB6EF61B9B928100F94F57 /* WBNavScrollBar.h */,
				BCBB6EF71B9B928100F94F57 /* WBNavScrollBar.m */,
			);
			path = WBNavScrollBar;
			sourceTree = "<group>";
		};
		BCD3FE0B1B99139B001FB8ED = {
			isa = PBXGroup;
			children = (
				BCD3FE161B99139B001FB8ED /* WBTabBarController */,
				BCD3FE301B99139B001FB8ED /* WBTabBarControllerTests */,
				BCD3FE151B99139B001FB8ED /* Products */,
			);
			sourceTree = "<group>";
		};
		BCD3FE151B99139B001FB8ED /* Products */ = {
			isa = PBXGroup;
			children = (
				BCD3FE141B99139B001FB8ED /* WBTabBarController.app */,
				BCD3FE2D1B99139B001FB8ED /* WBTabBarControllerTests.xctest */,
			);
			name = Products;
			sourceTree = "<group>";
		};
		BCD3FE161B99139B001FB8ED /* WBTabBarController */ = {
			isa = PBXGroup;
			children = (
				BCD3FE471B9918FD001FB8ED /* images */,
				BCD3FE3D1B99142A001FB8ED /* WBTabBarController */,
				BCBB6EF51B9B924B00F94F57 /* WBNavScrollBar */,
				BCD3FE1B1B99139B001FB8ED /* AppDelegate.h */,
				BCD3FE1C1B99139B001FB8ED /* AppDelegate.m */,
				BCD3FE1E1B99139B001FB8ED /* ViewController.h */,
				BCD3FE1F1B99139B001FB8ED /* ViewController.m */,
				BCD3FE211B99139B001FB8ED /* Main.storyboard */,
				BCD3FE241B99139B001FB8ED /* Images.xcassets */,
				BCD3FE261B99139B001FB8ED /* LaunchScreen.xib */,
				BCD3FE171B99139B001FB8ED /* Supporting Files */,
			);
			path = WBTabBarController;
			sourceTree = "<group>";
		};
		BCD3FE171B99139B001FB8ED /* Supporting Files */ = {
			isa = PBXGroup;
			children = (
				BCD3FE181B99139B001FB8ED /* Info.plist */,
				BCD3FE191B99139B001FB8ED /* main.m */,
			);
			name = "Supporting Files";
			sourceTree = "<group>";
		};
		BCD3FE301B99139B001FB8ED /* WBTabBarControllerTests */ = {
			isa = PBXGroup;
			children = (
				BCD3FE331B99139B001FB8ED /* WBTabBarControllerTests.m */,
				BCD3FE311B99139B001FB8ED /* Supporting Files */,
			);
			path = WBTabBarControllerTests;
			sourceTree = "<group>";
		};
		BCD3FE311B99139B001FB8ED /* Supporting Files */ = {
			isa = PBXGroup;
			children = (
				BCD3FE321B99139B001FB8ED /* Info.plist */,
			);
			name = "Supporting Files";
			sourceTree = "<group>";
		};
		BCD3FE3D1B99142A001FB8ED /* WBTabBarController */ = {
			isa = PBXGroup;
			children = (
				BCD3FE3E1B991464001FB8ED /* WBTabBarController.h */,
				BCD3FE3F1B991464001FB8ED /* WBTabBarController.m */,
				BCD3FE411B991499001FB8ED /* WBTabBar.h */,
				BCD3FE421B991499001FB8ED /* WBTabBar.m */,
				BCD3FE441B9914AD001FB8ED /* WBBarButton.h */,
				BCD3FE451B9914AD001FB8ED /* WBBarButton.m */,
			);
			path = WBTabBarController;
			sourceTree = "<group>";
		};
		BCD3FE471B9918FD001FB8ED /* images */ = {
			isa = PBXGroup;
			children = (
				BCBB6F091B9BCBE000F94F57 /* ShowAllButton_5_2.png */,
				BCBB6F0A1B9BCBE000F94F57 /* ShowAllButton_4_2.png */,
				BCBB6F0B1B9BCBE000F94F57 /* ShowAllButton_4_1.png */,
				BCBB6F0C1B9BCBE000F94F57 /* ShowAllButton_5_1.png */,
				BCD3FEE91B9918FE001FB8ED /* tabbar.png */,
				BCD3FEEA1B9918FE001FB8ED /* tabbar_activity@2x.png */,
				BCD3FEEB1B9918FE001FB8ED /* tabbar_activityHighlight@2x.png */,
				BCD3FEEC1B9918FE001FB8ED /* tabbar_cinema@2x.png */,
				BCD3FEED1B9918FE001FB8ED /* tabbar_cinemaHighlight@2x.png */,
				BCD3FEEE1B9918FE001FB8ED /* tabbar_mine@2x.png */,
				BCD3FEEF1B9918FE001FB8ED /* tabbar_mineHighlight@2x.png */,
				BCD3FEF01B9918FE001FB8ED /* tabbar_movie@2x.png */,
				BCD3FEF11B9918FE001FB8ED /* tabbar_movieHightLight@2x.png */,
			);
			path = images;
			sourceTree = "<group>";
		};
/* End PBXGroup section */

/* Begin PBXNativeTarget section */
		BCD3FE131B99139B001FB8ED /* WBTabBarController */ = {
			isa = PBXNativeTarget;
			buildConfigurationList = BCD3FE371B99139B001FB8ED /* Build configuration list for PBXNativeTarget "WBTabBarController" */;
			buildPhases = (
				BCD3FE101B99139B001FB8ED /* Sources */,
				BCD3FE111B99139B001FB8ED /* Frameworks */,
				BCD3FE121B99139B001FB8ED /* Resources */,
			);
			buildRules = (
			);
			dependencies = (
			);
			name = WBTabBarController;
			productName = WBTabBarController;
			productReference = BCD3FE141B99139B001FB8ED /* WBTabBarController.app */;
			productType = "com.apple.product-type.application";
		};
		BCD3FE2C1B99139B001FB8ED /* WBTabBarControllerTests */ = {
			isa = PBXNativeTarget;
			buildConfigurationList = BCD3FE3A1B99139B001FB8ED /* Build configuration list for PBXNativeTarget "WBTabBarControllerTests" */;
			buildPhases = (
				BCD3FE291B99139B001FB8ED /* Sources */,
				BCD3FE2A1B99139B001FB8ED /* Frameworks */,
				BCD3FE2B1B99139B001FB8ED /* Resources */,
			);
			buildRules = (
			);
			dependencies = (
				BCD3FE2F1B99139B001FB8ED /* PBXTargetDependency */,
			);
			name = WBTabBarControllerTests;
			productName = WBTabBarControllerTests;
			productReference = BCD3FE2D1B99139B001FB8ED /* WBTabBarControllerTests.xctest */;
			productType = "com.apple.product-type.bundle.unit-test";
		};
/* End PBXNativeTarget section */

/* Begin PBXProject section */
		BCD3FE0C1B99139B001FB8ED /* Project object */ = {
			isa = PBXProject;
			attributes = {
				LastUpgradeCheck = 0640;
				ORGANIZATIONNAME = wdabo;
				TargetAttributes = {
					BCD3FE131B99139B001FB8ED = {
						CreatedOnToolsVersion = 6.4;
					};
					BCD3FE2C1B99139B001FB8ED = {
						CreatedOnToolsVersion = 6.4;
						TestTargetID = BCD3FE131B99139B001FB8ED;
					};
				};
			};
			buildConfigurationList = BCD3FE0F1B99139B001FB8ED /* Build configuration list for PBXProject "WBTabBarController" */;
			compatibilityVersion = "Xcode 3.2";
			developmentRegion = English;
			hasScannedForEncodings = 0;
			knownRegions = (
				en,
				Base,
			);
			mainGroup = BCD3FE0B1B99139B001FB8ED;
			productRefGroup = BCD3FE151B99139B001FB8ED /* Products */;
			projectDirPath = "";
			projectRoot = "";
			targets = (
				BCD3FE131B99139B001FB8ED /* WBTabBarController */,
				BCD3FE2C1B99139B001FB8ED /* WBTabBarControllerTests */,
			);
		};
/* End PBXProject section */

/* Begin PBXResourcesBuildPhase section */
		BCD3FE121B99139B001FB8ED /* Resources */ = {
			isa = PBXResourcesBuildPhase;
			buildActionMask = 2147483647;
			files = (
				BCBB6F0E1B9BCBE000F94F57 /* ShowAllButton_4_2.png in Resources */,
				BCBB6F0F1B9BCBE000F94F57 /* ShowAllButton_4_1.png in Resources */,
				BCBB6F101B9BCBE000F94F57 /* ShowAllButton_5_1.png in Resources */,
				BCBB6F0D1B9BCBE000F94F57 /* ShowAllButton_5_2.png in Resources */,
				BCD3FE231B99139B001FB8ED /* Main.storyboard in Resources */,
				BCD3FF9E1B9918FE001FB8ED /* tabbar_cinema@2x.png in Resources */,
				BCD3FF9F1B9918FE001FB8ED /* tabbar_cinemaHighlight@2x.png in Resources */,
				BCD3FFA11B9918FE001FB8ED /* tabbar_mineHighlight@2x.png in Resources */,
				BCD3FFA21B9918FE001FB8ED /* tabbar_movie@2x.png in Resources */,
				BCD3FE281B99139B001FB8ED /* LaunchScreen.xib in Resources */,
				BCD3FF9C1B9918FE001FB8ED /* tabbar_activity@2x.png in Resources */,
				BCD3FE251B99139B001FB8ED /* Images.xcassets in Resources */,
				BCD3FFA31B9918FE001FB8ED /* tabbar_movieHightLight@2x.png in Resources */,
				BCD3FFA01B9918FE001FB8ED /* tabbar_mine@2x.png in Resources */,
				BCD3FF9B1B9918FE001FB8ED /* tabbar.png in Resources */,
				BCD3FF9D1B9918FE001FB8ED /* tabbar_activityHighlight@2x.png in Resources */,
			);
			runOnlyForDeploymentPostprocessing = 0;
		};
		BCD3FE2B1B99139B001FB8ED /* Resources */ = {
			isa = PBXResourcesBuildPhase;
			buildActionMask = 2147483647;
			files = (
			);
			runOnlyForDeploymentPostprocessing = 0;
		};
/* End PBXResourcesBuildPhase section */

/* Begin PBXSourcesBuildPhase section */
		BCD3FE101B99139B001FB8ED /* Sources */ = {
			isa = PBXSourcesBuildPhase;
			buildActionMask = 2147483647;
			files = (
				BCBB6EF81B9B928100F94F57 /* WBNavScrollBar.m in Sources */,
				BCD3FE401B991464001FB8ED /* WBTabBarController.m in Sources */,
				BCD3FE431B991499001FB8ED /* WBTabBar.m in Sources */,
				BCD3FE201B99139B001FB8ED /* ViewController.m in Sources */,
				BCD3FE1D1B99139B001FB8ED /* AppDelegate.m in Sources */,
				BCD3FE461B9914AD001FB8ED /* WBBarButton.m in Sources */,
				BCD3FE1A1B99139B001FB8ED /* main.m in Sources */,
			);
			runOnlyForDeploymentPostprocessing = 0;
		};
		BCD3FE291B99139B001FB8ED /* Sources */ = {
			isa = PBXSourcesBuildPhase;
			buildActionMask = 2147483647;
			files = (
				BCD3FE341B99139B001FB8ED /* WBTabBarControllerTests.m in Sources */,
			);
			runOnlyForDeploymentPostprocessing = 0;
		};
/* End PBXSourcesBuildPhase section */

/* Begin PBXTargetDependency section */
		BCD3FE2F1B99139B001FB8ED /* PBXTargetDependency */ = {
			isa = PBXTargetDependency;
			target = BCD3FE131B99139B001FB8ED /* WBTabBarController */;
			targetProxy = BCD3FE2E1B99139B001FB8ED /* PBXContainerItemProxy */;
		};
/* End PBXTargetDependency section */

/* Begin PBXVariantGroup section */
		BCD3FE211B99139B001FB8ED /* Main.storyboard */ = {
			isa = PBXVariantGroup;
			children = (
				BCD3FE221B99139B001FB8ED /* Base */,
			);
			name = Main.storyboard;
			sourceTree = "<group>";
		};
		BCD3FE261B99139B001FB8ED /* LaunchScreen.xib */ = {
			isa = PBXVariantGroup;
			children = (
				BCD3FE271B99139B001FB8ED /* Base */,
			);
			name = LaunchScreen.xib;
			sourceTree = "<group>";
		};
/* End PBXVariantGroup section */

/* Begin XCBuildConfiguration section */
		BCD3FE351B99139B001FB8ED /* Debug */ = {
			isa = XCBuildConfiguration;
			buildSettings = {
				ALWAYS_SEARCH_USER_PATHS = NO;
				CLANG_CXX_LANGUAGE_STANDARD = "gnu++0x";
				CLANG_CXX_LIBRARY = "libc++";
				CLANG_ENABLE_MODULES = YES;
				CLANG_ENABLE_OBJC_ARC = YES;
				CLANG_WARN_BOOL_CONVERSION = YES;
				CLANG_WARN_CONSTANT_CONVERSION = YES;
				CLANG_WARN_DIRECT_OBJC_ISA_USAGE = YES_ERROR;
				CLANG_WARN_EMPTY_BODY = YES;
				CLANG_WARN_ENUM_CONVERSION = YES;
				CLANG_WARN_INT_CONVERSION = YES;
				CLANG_WARN_OBJC_ROOT_CLASS = YES_ERROR;
				CLANG_WARN_UNREACHABLE_CODE = YES;
				CLANG_WARN__DUPLICATE_METHOD_MATCH = YES;
				"CODE_SIGN_IDENTITY[sdk=iphoneos*]" = "iPhone Developer";
				COPY_PHASE_STRIP = NO;
				DEBUG_INFORMATION_FORMAT = "dwarf-with-dsym";
				ENABLE_STRICT_OBJC_MSGSEND = YES;
				GCC_C_LANGUAGE_STANDARD = gnu99;
				GCC_DYNAMIC_NO_PIC = NO;
				GCC_NO_COMMON_BLOCKS = YES;
				GCC_OPTIMIZATION_LEVEL = 0;
				GCC_PREPROCESSOR_DEFINITIONS = (
					"DEBUG=1",
					"$(inherited)",
				);
				GCC_SYMBOLS_PRIVATE_EXTERN = NO;
				GCC_WARN_64_TO_32_BIT_CONVERSION = YES;
				GCC_WARN_ABOUT_RETURN_TYPE = YES_ERROR;
				GCC_WARN_UNDECLARED_SELECTOR = YES;
				GCC_WARN_UNINITIALIZED_AUTOS = YES_AGGRESSIVE;
				GCC_WARN_UNUSED_FUNCTION = YES;
				GCC_WARN_UNUSED_VARIABLE = YES;
				IPHONEOS_DEPLOYMENT_TARGET = 8.4;
				MTL_ENABLE_DEBUG_INFO = YES;
				ONLY_ACTIVE_ARCH = YES;
				SDKROOT = iphoneos;
			};
			name = Debug;
		};
		BCD3FE361B99139B001FB8ED /* Release */ = {
			isa = XCBuildConfiguration;
			buildSettings = {
				ALWAYS_SEARCH_USER_PATHS = NO;
				CLANG_CXX_LANGUAGE_STANDARD = "gnu++0x";
				CLANG_CXX_LIBRARY = "libc++";
				CLANG_ENABLE_MODULES = YES;
				CLANG_ENABLE_OBJC_ARC = YES;
				CLANG_WARN_BOOL_CONVERSION = YES;
				CLANG_WARN_CONSTANT_CONVERSION = YES;
				CLANG_WARN_DIRECT_OBJC_ISA_USAGE = YES_ERROR;
				CLANG_WARN_EMPTY_BODY = YES;
				CLANG_WARN_ENUM_CONVERSION = YES;
				CLANG_WARN_INT_CONVERSION = YES;
				CLANG_WARN_OBJC_ROOT_CLASS = YES_ERROR;
				CLANG_WARN_UNREACHABLE_CODE = YES;
				CLANG_WARN__DUPLICATE_METHOD_MATCH = YES;
				"CODE_SIGN_IDENTITY[sdk=iphoneos*]" = "iPhone Developer";
				COPY_PHASE_STRIP = NO;
				DEBUG_INFORMATION_FORMAT = "dwarf-with-dsym";
				ENABLE_NS_ASSERTIONS = NO;
				ENABLE_STRICT_OBJC_MSGSEND = YES;
				GCC_C_LANGUAGE_STANDARD = gnu99;
				GCC_NO_COMMON_BLOCKS = YES;
				GCC_WARN_64_TO_32_BIT_CONVERSION = YES;
				GCC_WARN_ABOUT_RETURN_TYPE = YES_ERROR;
				GCC_WARN_UNDECLARED_SELECTOR = YES;
				GCC_WARN_UNINITIALIZED_AUTOS = YES_AGGRESSIVE;
				GCC_WARN_UNUSED_FUNCTION = YES;
				GCC_WARN_UNUSED_VARIABLE = YES;
				IPHONEOS_DEPLOYMENT_TARGET = 8.4;
				MTL_ENABLE_DEBUG_INFO = NO;
				SDKROOT = iphoneos;
				VALIDATE_PRODUCT = YES;
			};
			name = Release;
		};
		BCD3FE381B99139B001FB8ED /* Debug */ = {
			isa = XCBuildConfiguration;
			buildSettings = {
				ASSETCATALOG_COMPILER_APPICON_NAME = AppIcon;
				INFOPLIST_FILE = WBTabBarController/Info.plist;
				LD_RUNPATH_SEARCH_PATHS = "$(inherited) @executable_path/Frameworks";
				PRODUCT_NAME = "$(TARGET_NAME)";
			};
			name = Debug;
		};
		BCD3FE391B99139B001FB8ED /* Release */ = {
			isa = XCBuildConfiguration;
			buildSettings = {
				ASSETCATALOG_COMPILER_APPICON_NAME = AppIcon;
				INFOPLIST_FILE = WBTabBarController/Info.plist;
				LD_RUNPATH_SEARCH_PATHS = "$(inherited) @executable_path/Frameworks";
				PRODUCT_NAME = "$(TARGET_NAME)";
			};
			name = Release;
		};
		BCD3FE3B1B99139B001FB8ED /* Debug */ = {
			isa = XCBuildConfiguration;
			buildSettings = {
				BUNDLE_LOADER = "$(TEST_HOST)";
				FRAMEWORK_SEARCH_PATHS = (
					"$(SDKROOT)/Developer/Library/Frameworks",
					"$(inherited)",
				);
				GCC_PREPROCESSOR_DEFINITIONS = (
					"DEBUG=1",
					"$(inherited)",
				);
				INFOPLIST_FILE = WBTabBarControllerTests/Info.plist;
				LD_RUNPATH_SEARCH_PATHS = "$(inherited) @executable_path/Frameworks @loader_path/Frameworks";
				PRODUCT_NAME = "$(TARGET_NAME)";
				TEST_HOST = "$(BUILT_PRODUCTS_DIR)/WBTabBarController.app/WBTabBarController";
			};
			name = Debug;
		};
		BCD3FE3C1B99139B001FB8ED /* Release */ = {
			isa = XCBuildConfiguration;
			buildSettings = {
				BUNDLE_LOADER = "$(TEST_HOST)";
				FRAMEWORK_SEARCH_PATHS = (
					"$(SDKROOT)/Developer/Library/Frameworks",
					"$(inherited)",
				);
				INFOPLIST_FILE = WBTabBarControllerTests/Info.plist;
				LD_RUNPATH_SEARCH_PATHS = "$(inherited) @executable_path/Frameworks @loader_path/Frameworks";
				PRODUCT_NAME = "$(TARGET_NAME)";
				TEST_HOST = "$(BUILT_PRODUCTS_DIR)/WBTabBarController.app/WBTabBarController";
			};
			name = Release;
		};
/* End XCBuildConfiguration section */

/* Begin XCConfigurationList section */
		BCD3FE0F1B99139B001FB8ED /* Build configuration list for PBXProject "WBTabBarController" */ = {
			isa = XCConfigurationList;
			buildConfigurations = (
				BCD3FE351B99139B001FB8ED /* Debug */,
				BCD3FE361B99139B001FB8ED /* Release */,
			);
			defaultConfigurationIsVisible = 0;
			defaultConfigurationName = Release;
		};
		BCD3FE371B99139B001FB8ED /* Build configuration list for PBXNativeTarget "WBTabBarController" */ = {
			isa = XCConfigurationList;
			buildConfigurations = (
				BCD3FE381B99139B001FB8ED /* Debug */,
				BCD3FE391B99139B001FB8ED /* Release */,
			);
			defaultConfigurationIsVisible = 0;
			defaultConfigurationName = Release;
		};
		BCD3FE3A1B99139B001FB8ED /* Build configuration list for PBXNativeTarget "WBTabBarControllerTests" */ = {
			isa = XCConfigurationList;
			buildConfigurations = (
				BCD3FE3B1B99139B001FB8ED /* Debug */,
				BCD3FE3C1B99139B001FB8ED /* Release */,
			);
			defaultConfigurationIsVisible = 0;
			defaultConfigurationName = Release;
		};
/* End XCConfigurationList section */
	};
	rootObject = BCD3FE0C1B99139B001FB8ED /* Project object */;
}
